
Microsoft Visual Studio Solution File, Format Version 11.00
# Visual Studio 2010
Project("{FAE04EC0-301F-11D3-BF4B-00C04F79EFBC}") = "UnityGameFramework.Runtime", "UnityGameFramework.Runtime.csproj", "{394e1332-aa46-a832-ca8f-876f34c3b7c1}"
EndProject
Project("{FAE04EC0-301F-11D3-BF4B-00C04F79EFBC}") = "Assembly-CSharp", "Assembly-CSharp.csproj", "{c6445022-89f7-1127-8d88-c6cdd284a3d4}"
EndProject
Project("{FAE04EC0-301F-11D3-BF4B-00C04F79EFBC}") = "UnityGameFramework.Editor", "UnityGameFramework.Editor.csproj", "{39bbb607-2b4d-59bf-085a-d6bd52031c4a}"
EndProject
Project("{FAE04EC0-301F-11D3-BF4B-00C04F79EFBC}") = "Assembly-CSharp-Editor", "Assembly-CSharp-Editor.csproj", "{e5d2950e-1810-0976-d554-42820fe18675}"
EndProject
Global
	GlobalSection(SolutionConfigurationPlatforms) = preSolution
		Debug|Any CPU = Debug|Any CPU
	EndGlobalSection
	GlobalSection(ProjectConfigurationPlatforms) = postSolution
		{394e1332-aa46-a832-ca8f-876f34c3b7c1}.Debug|Any CPU.ActiveCfg = Debug|Any CPU
		{394e1332-aa46-a832-ca8f-876f34c3b7c1}.Debug|Any CPU.Build.0 = Debug|Any CPU
		{c6445022-89f7-1127-8d88-c6cdd284a3d4}.Debug|Any CPU.ActiveCfg = Debug|Any CPU
		{c6445022-89f7-1127-8d88-c6cdd284a3d4}.Debug|Any CPU.Build.0 = Debug|Any CPU
		{39bbb607-2b4d-59bf-085a-d6bd52031c4a}.Debug|Any CPU.ActiveCfg = Debug|Any CPU
		{39bbb607-2b4d-59bf-085a-d6bd52031c4a}.Debug|Any CPU.Build.0 = Debug|Any CPU
		{e5d2950e-1810-0976-d554-42820fe18675}.Debug|Any CPU.ActiveCfg = Debug|Any CPU
		{e5d2950e-1810-0976-d554-42820fe18675}.Debug|Any CPU.Build.0 = Debug|Any CPU
	EndGlobalSection
	GlobalSection(SolutionProperties) = preSolution
		HideSolutionNode = FALSE
	EndGlobalSection
EndGlobal
